
Microsoft Visual Studio Solution File, Format Version 12.00
# Visual Studio Version 16
VisualStudioVersion = 16.0.31105.61
MinimumVisualStudioVersion = 10.0.40219.1
Project("{9A19103F-16F7-4668-BE54-9A1E7A4F7556}") = "BlazorTry1814", "BlazorTry1814\BlazorTry1814.csproj", "{0CE66032-1701-4BA0-8F0F-33EB607CC10A}"
EndProject
Project("{FAE04EC0-301F-11D3-BF4B-00C04F79EFBC}") = "BlazorTry1814Api", "BlazorTry1814Api\BlazorTry1814Api.csproj", "{61320B7A-8734-4280-BEA2-964975A85D29}"
EndProject
Global
	GlobalSection(SolutionConfigurationPlatforms) = preSolution
		Debug|Any CPU = Debug|Any CPU
		Release|Any CPU = Release|Any CPU
	EndGlobalSection
	GlobalSection(ProjectConfigurationPlatforms) = postSolution
		{0CE66032-1701-4BA0-8F0F-33EB607CC10A}.Debug|Any CPU.ActiveCfg = Debug|Any CPU
		{0CE66032-1701-4BA0-8F0F-33EB607CC10A}.Debug|Any CPU.Build.0 = Debug|Any CPU
		{0CE66032-1701-4BA0-8F0F-33EB607CC10A}.Release|Any CPU.ActiveCfg = Release|Any CPU
		{0CE66032-1701-4BA0-8F0F-33EB607CC10A}.Release|Any CPU.Build.0 = Release|Any CPU
		{61320B7A-8734-4280-BEA2-964975A85D29}.Debug|Any CPU.ActiveCfg = Debug|Any CPU
		{61320B7A-8734-4280-BEA2-964975A85D29}.Debug|Any CPU.Build.0 = Debug|Any CPU
		{61320B7A-8734-4280-BEA2-964975A85D29}.Release|Any CPU.ActiveCfg = Release|Any CPU
		{61320B7A-8734-4280-BEA2-964975A85D29}.Release|Any CPU.Build.0 = Release|Any CPU
	EndGlobalSection
	GlobalSection(SolutionProperties) = preSolution
		HideSolutionNode = FALSE
	EndGlobalSection
	GlobalSection(ExtensibilityGlobals) = postSolution
		SolutionGuid = {A2203E2F-89BB-46A9-B7C8-1918709C7100}
	EndGlobalSection
EndGlobal
